
Microsoft Visual Studio Solution File, Format Version 12.00
Project("{2150E333-8FDC-42A3-9474-1A3956D46DE8}") = "src", "src", "{DAA22FF5-E211-4D99-8CDE-D835C4705079}"
EndProject
Project("{FAE04EC0-301F-11D3-BF4B-00C04F79EFBC}") = "Book.Events.Publisher", "src\Book.Events.Publisher\Book.Events.Publisher.csproj", "{69D7F3FA-7506-428C-B14D-A106000C057A}"
EndProject
Project("{FAE04EC0-301F-11D3-BF4B-00C04F79EFBC}") = "Book.Events", "src\Book.Events\Book.Events.csproj", "{E7D30EFE-EAF2-4D0B-AAB3-5FD416037E76}"
EndProject
Global
	GlobalSection(SolutionConfigurationPlatforms) = preSolution
		Debug|Any CPU = Debug|Any CPU
		Release|Any CPU = Release|Any CPU
	EndGlobalSection
	GlobalSection(NestedProjects) = preSolution
		{69D7F3FA-7506-428C-B14D-A106000C057A} = {DAA22FF5-E211-4D99-8CDE-D835C4705079}
		{E7D30EFE-EAF2-4D0B-AAB3-5FD416037E76} = {DAA22FF5-E211-4D99-8CDE-D835C4705079}
	EndGlobalSection
	GlobalSection(ProjectConfigurationPlatforms) = postSolution
		{69D7F3FA-7506-428C-B14D-A106000C057A}.Debug|Any CPU.ActiveCfg = Debug|Any CPU
		{69D7F3FA-7506-428C-B14D-A106000C057A}.Debug|Any CPU.Build.0 = Debug|Any CPU
		{69D7F3FA-7506-428C-B14D-A106000C057A}.Release|Any CPU.ActiveCfg = Release|Any CPU
		{69D7F3FA-7506-428C-B14D-A106000C057A}.Release|Any CPU.Build.0 = Release|Any CPU
		{E7D30EFE-EAF2-4D0B-AAB3-5FD416037E76}.Debug|Any CPU.ActiveCfg = Debug|Any CPU
		{E7D30EFE-EAF2-4D0B-AAB3-5FD416037E76}.Debug|Any CPU.Build.0 = Debug|Any CPU
		{E7D30EFE-EAF2-4D0B-AAB3-5FD416037E76}.Release|Any CPU.ActiveCfg = Release|Any CPU
		{E7D30EFE-EAF2-4D0B-AAB3-5FD416037E76}.Release|Any CPU.Build.0 = Release|Any CPU
	EndGlobalSection
EndGlobal
